
Microsoft Visual Studio Solution File, Format Version 12.00
# Visual Studio Version 17
VisualStudioVersion = 17.13.35919.96 d17.13
MinimumVisualStudioVersion = 10.0.40219.1
Project("{FAE04EC0-301F-11D3-BF4B-00C04F79EFBC}") = "移行01", "移行01\移行01.csproj", "{4CA00679-80E1-4B2C-9A1D-3E9D49549B09}"
EndProject
Global
	GlobalSection(SolutionConfigurationPlatforms) = preSolution
		Debug|Any CPU = Debug|Any CPU
		Release|Any CPU = Release|Any CPU
	EndGlobalSection
	GlobalSection(ProjectConfigurationPlatforms) = postSolution
		{4CA00679-80E1-4B2C-9A1D-3E9D49549B09}.Debug|Any CPU.ActiveCfg = Debug|Any CPU
		{4CA00679-80E1-4B2C-9A1D-3E9D49549B09}.Debug|Any CPU.Build.0 = Debug|Any CPU
		{4CA00679-80E1-4B2C-9A1D-3E9D49549B09}.Release|Any CPU.ActiveCfg = Release|Any CPU
		{4CA00679-80E1-4B2C-9A1D-3E9D49549B09}.Release|Any CPU.Build.0 = Release|Any CPU
	EndGlobalSection
	GlobalSection(SolutionProperties) = preSolution
		HideSolutionNode = FALSE
	EndGlobalSection
	GlobalSection(ExtensibilityGlobals) = postSolution
		SolutionGuid = {87BE73EB-482E-47AB-B005-0D90AE926CCE}
	EndGlobalSection
EndGlobal
